
Microsoft Visual Studio Solution File, Format Version 12.00
# Visual Studio 15
VisualStudioVersion = 15.0.27703.2042
MinimumVisualStudioVersion = 10.0.40219.1
Project("{FAE04EC0-301F-11D3-BF4B-00C04F79EFBC}") = "TestHarness", "src\TestHarness\TestHarness.csproj", "{6B202874-0D2D-42BA-9DDE-0F1B3A0499B7}"
EndProject
Project("{9A19103F-16F7-4668-BE54-9A1E7A4F7556}") = "guytp-data", "src\guytp-data\guytp-data.csproj", "{DB5238F8-022C-481D-9DDC-54F78BC472F7}"
EndProject
Project("{FAE04EC0-301F-11D3-BF4B-00C04F79EFBC}") = "DatabaseDeltaApplicator", "src\DatabaseDeltaApplicator\DatabaseDeltaApplicator.csproj", "{C903B07D-891B-4DE1-A469-6015A5573966}"
EndProject
Global
	GlobalSection(SolutionConfigurationPlatforms) = preSolution
		Debug|Any CPU = Debug|Any CPU
		Release|Any CPU = Release|Any CPU
	EndGlobalSection
	GlobalSection(ProjectConfigurationPlatforms) = postSolution
		{6B202874-0D2D-42BA-9DDE-0F1B3A0499B7}.Debug|Any CPU.ActiveCfg = Debug|Any CPU
		{6B202874-0D2D-42BA-9DDE-0F1B3A0499B7}.Release|Any CPU.ActiveCfg = Release|Any CPU
		{DB5238F8-022C-481D-9DDC-54F78BC472F7}.Debug|Any CPU.ActiveCfg = Debug|Any CPU
		{DB5238F8-022C-481D-9DDC-54F78BC472F7}.Debug|Any CPU.Build.0 = Debug|Any CPU
		{DB5238F8-022C-481D-9DDC-54F78BC472F7}.Release|Any CPU.ActiveCfg = Release|Any CPU
		{DB5238F8-022C-481D-9DDC-54F78BC472F7}.Release|Any CPU.Build.0 = Release|Any CPU
		{C903B07D-891B-4DE1-A469-6015A5573966}.Debug|Any CPU.ActiveCfg = Debug|Any CPU
		{C903B07D-891B-4DE1-A469-6015A5573966}.Release|Any CPU.ActiveCfg = Release|Any CPU
		{C903B07D-891B-4DE1-A469-6015A5573966}.Release|Any CPU.Build.0 = Release|Any CPU
	EndGlobalSection
	GlobalSection(SolutionProperties) = preSolution
		HideSolutionNode = FALSE
	EndGlobalSection
	GlobalSection(ExtensibilityGlobals) = postSolution
		SolutionGuid = {17F7D12A-8DD0-401B-B1D9-89837944B873}
	EndGlobalSection
	GlobalSection(TeamFoundationVersionControl) = preSolution
		SccNumberOfProjects = 4
		SccEnterpriseProvider = {4CA58AB2-18FA-4F8D-95D4-32DDF27D184C}
		SccTeamFoundationServer = https://guytp.visualstudio.com/
		SccLocalPath0 = .
		SccProjectUniqueName1 = src\\TestHarness\\TestHarness.csproj
		SccProjectName1 = src/TestHarness
		SccLocalPath1 = src\\TestHarness
		SccProjectUniqueName2 = src\\guytp-data\\guytp-data.csproj
		SccProjectName2 = src/guytp-data
		SccLocalPath2 = src\\guytp-data
		SccProjectUniqueName3 = src\\DatabaseDeltaApplicator\\DatabaseDeltaApplicator.csproj
		SccProjectName3 = src/DatabaseDeltaApplicator
		SccLocalPath3 = src\\DatabaseDeltaApplicator
	EndGlobalSection
EndGlobal
